
Microsoft Visual Studio Solution File, Format Version 12.00
# Visual Studio Version 17
VisualStudioVersion = 17.8.34330.188
MinimumVisualStudioVersion = 10.0.40219.1
Project("{FAE04EC0-301F-11D3-BF4B-00C04F79EFBC}") = "Parcial1_Ap1_RobelinConcepcion", "Parcial1_Ap1_RobelinConcepcion\Parcial1_Ap1_RobelinConcepcion.csproj", "{D6584D16-B810-491E-A4EA-3D755A5D8780}"
EndProject
Global
	GlobalSection(SolutionConfigurationPlatforms) = preSolution
		Debug|Any CPU = Debug|Any CPU
		Release|Any CPU = Release|Any CPU
	EndGlobalSection
	GlobalSection(ProjectConfigurationPlatforms) = postSolution
		{D6584D16-B810-491E-A4EA-3D755A5D8780}.Debug|Any CPU.ActiveCfg = Debug|Any CPU
		{D6584D16-B810-491E-A4EA-3D755A5D8780}.Debug|Any CPU.Build.0 = Debug|Any CPU
		{D6584D16-B810-491E-A4EA-3D755A5D8780}.Release|Any CPU.ActiveCfg = Release|Any CPU
		{D6584D16-B810-491E-A4EA-3D755A5D8780}.Release|Any CPU.Build.0 = Release|Any CPU
	EndGlobalSection
	GlobalSection(SolutionProperties) = preSolution
		HideSolutionNode = FALSE
	EndGlobalSection
	GlobalSection(ExtensibilityGlobals) = postSolution
		SolutionGuid = {4F7EEE6C-F848-4BD1-A739-96BB40C13825}
	EndGlobalSection
EndGlobal
